// !$*UTF8*$!
{
	archiveVersion = 1;
	classes = {
	};
	objectVersion = 46;
	objects = {

/* Begin PBXBuildFile section */
		4D8811319A00F970DA79ECF0 /* libPods.a in Frameworks */ = {isa = PBXBuildFile; fileRef = F95CF12803F0F957E6BBF5FA /* libPods.a */; };
		5F0E0C791CF4578D0049DAA0 /* main.m in Sources */ = {isa = PBXBuildFile; fileRef = 5F0E0C781CF4578D0049DAA0 /* main.m */; };
		5F0E0C7C1CF4578D0049DAA0 /* AppDelegate.m in Sources */ = {isa = PBXBuildFile; fileRef = 5F0E0C7B1CF4578D0049DAA0 /* AppDelegate.m */; };
		5F0E0C7F1CF4578D0049DAA0 /* FirstViewController.m in Sources */ = {isa = PBXBuildFile; fileRef = 5F0E0C7E1CF4578D0049DAA0 /* FirstViewController.m */; };
		5F0E0C821CF4578D0049DAA0 /* SecondViewController.m in Sources */ = {isa = PBXBuildFile; fileRef = 5F0E0C811CF4578D0049DAA0 /* SecondViewController.m */; };
		5F0E0C851CF4578D0049DAA0 /* Main.storyboard in Resources */ = {isa = PBXBuildFile; fileRef = 5F0E0C831CF4578D0049DAA0 /* Main.storyboard */; };
		5F0E0C871CF4578D0049DAA0 /* Assets.xcassets in Resources */ = {isa = PBXBuildFile; fileRef = 5F0E0C861CF4578D0049DAA0 /* Assets.xcassets */; };
		5F0E0C8A1CF4578D0049DAA0 /* LaunchScreen.storyboard in Resources */ = {isa = PBXBuildFile; fileRef = 5F0E0C881CF4578D0049DAA0 /* LaunchScreen.storyboard */; };
		5F0E0C961CF543390049DAA0 /* NetHttpClient.m in Sources */ = {isa = PBXBuildFile; fileRef = 5F0E0C951CF543390049DAA0 /* NetHttpClient.m */; };
		5F54F4B41CFC1F0000EBA596 /* NetHttpClient+Request.m in Sources */ = {isa = PBXBuildFile; fileRef = 5F54F4B31CFC1F0000EBA596 /* NetHttpClient+Request.m */; };
		5F54F4BA1CFC2A4400EBA596 /* NetOperation.m in Sources */ = {isa = PBXBuildFile; fileRef = 5F54F4B91CFC2A4400EBA596 /* NetOperation.m */; };
		5F54F4BD1CFC2B7700EBA596 /* AFNetSessionOperation.m in Sources */ = {isa = PBXBuildFile; fileRef = 5F54F4BC1CFC2B7700EBA596 /* AFNetSessionOperation.m */; };
/* End PBXBuildFile section */

/* Begin PBXFileReference section */
		5F0E0C741CF4578D0049DAA0 /* NetworkProject.app */ = {isa = PBXFileReference; explicitFileType = wrapper.application; includeInIndex = 0; path = NetworkProject.app; sourceTree = BUILT_PRODUCTS_DIR; };
		5F0E0C781CF4578D0049DAA0 /* main.m */ = {isa = PBXFileReference; lastKnownFileType = sourcecode.c.objc; path = main.m; sourceTree = "<group>"; };
		5F0E0C7A1CF4578D0049DAA0 /* AppDelegate.h */ = {isa = PBXFileReference; lastKnownFileType = sourcecode.c.h; path = AppDelegate.h; sourceTree = "<group>"; };
		5F0E0C7B1CF4578D0049DAA0 /* AppDelegate.m */ = {isa = PBXFileReference; lastKnownFileType = sourcecode.c.objc; path = AppDelegate.m; sourceTree = "<group>"; };
		5F0E0C7D1CF4578D0049DAA0 /* FirstViewController.h */ = {isa = PBXFileReference; lastKnownFileType = sourcecode.c.h; path = FirstViewController.h; sourceTree = "<group>"; };
		5F0E0C7E1CF4578D0049DAA0 /* FirstViewController.m */ = {isa = PBXFileReference; lastKnownFileType = sourcecode.c.objc; path = FirstViewController.m; sourceTree = "<group>"; };
		5F0E0C801CF4578D0049DAA0 /* SecondViewController.h */ = {isa = PBXFileReference; lastKnownFileType = sourcecode.c.h; path = SecondViewController.h; sourceTree = "<group>"; };
		5F0E0C811CF4578D0049DAA0 /* SecondViewController.m */ = {isa = PBXFileReference; lastKnownFileType = sourcecode.c.objc; path = SecondViewController.m; sourceTree = "<group>"; };
		5F0E0C841CF4578D0049DAA0 /* Base */ = {isa = PBXFileReference; lastKnownFileType = file.storyboard; name = Base; path = Base.lproj/Main.storyboard; sourceTree = "<group>"; };
		5F0E0C861CF4578D0049DAA0 /* Assets.xcassets */ = {isa = PBXFileReference; lastKnownFileType = folder.assetcatalog; path = Assets.xcassets; sourceTree = "<group>"; };
		5F0E0C891CF4578D0049DAA0 /* Base */ = {isa = PBXFileReference; lastKnownFileType = file.storyboard; name = Base; path = Base.lproj/LaunchScreen.storyboard; sourceTree = "<group>"; };
		5F0E0C8B1CF4578D0049DAA0 /* Info.plist */ = {isa = PBXFileReference; lastKnownFileType = text.plist.xml; path = Info.plist; sourceTree = "<group>"; };
		5F0E0C941CF543390049DAA0 /* NetHttpClient.h */ = {isa = PBXFileReference; fileEncoding = 4; lastKnownFileType = sourcecode.c.h; path = NetHttpClient.h; sourceTree = "<group>"; };
		5F0E0C951CF543390049DAA0 /* NetHttpClient.m */ = {isa = PBXFileReference; fileEncoding = 4; lastKnownFileType = sourcecode.c.objc; path = NetHttpClient.m; sourceTree = "<group>"; };
		5F0E0C971CF543720049DAA0 /* NetworkProject-Prifix.pch */ = {isa = PBXFileReference; lastKnownFileType = sourcecode.c.h; path = "NetworkProject-Prifix.pch"; sourceTree = "<group>"; };
		5F54F4B21CFC1F0000EBA596 /* NetHttpClient+Request.h */ = {isa = PBXFileReference; fileEncoding = 4; lastKnownFileType = sourcecode.c.h; path = "NetHttpClient+Request.h"; sourceTree = "<group>"; };
		5F54F4B31CFC1F0000EBA596 /* NetHttpClient+Request.m */ = {isa = PBXFileReference; fileEncoding = 4; lastKnownFileType = sourcecode.c.objc; path = "NetHttpClient+Request.m"; sourceTree = "<group>"; };
		5F54F4B61CFC227200EBA596 /* UtilsMacro.h */ = {isa = PBXFileReference; lastKnownFileType = sourcecode.c.h; path = UtilsMacro.h; sourceTree = "<group>"; };
		5F54F4B71CFC22FF00EBA596 /* URLServiceAPI.h */ = {isa = PBXFileReference; lastKnownFileType = sourcecode.c.h; path = URLServiceAPI.h; sourceTree = "<group>"; };
		5F54F4B81CFC2A4400EBA596 /* NetOperation.h */ = {isa = PBXFileReference; fileEncoding = 4; lastKnownFileType = sourcecode.c.h; path = NetOperation.h; sourceTree = "<group>"; };
		5F54F4B91CFC2A4400EBA596 /* NetOperation.m */ = {isa = PBXFileReference; fileEncoding = 4; lastKnownFileType = sourcecode.c.objc; path = NetOperation.m; sourceTree = "<group>"; };
		5F54F4BB1CFC2B7700EBA596 /* AFNetSessionOperation.h */ = {isa = PBXFileReference; fileEncoding = 4; lastKnownFileType = sourcecode.c.h; path = AFNetSessionOperation.h; sourceTree = "<group>"; };
		5F54F4BC1CFC2B7700EBA596 /* AFNetSessionOperation.m */ = {isa = PBXFileReference; fileEncoding = 4; lastKnownFileType = sourcecode.c.objc; path = AFNetSessionOperation.m; sourceTree = "<group>"; };
		D3DDCFAD1139F69A6BC72C70 /* Pods.debug.xcconfig */ = {isa = PBXFileReference; includeInIndex = 1; lastKnownFileType = text.xcconfig; name = Pods.debug.xcconfig; path = "Pods/Target Support Files/Pods/Pods.debug.xcconfig"; sourceTree = "<group>"; };
		F95CF12803F0F957E6BBF5FA /* libPods.a */ = {isa = PBXFileReference; explicitFileType = archive.ar; includeInIndex = 0; path = libPods.a; sourceTree = BUILT_PRODUCTS_DIR; };
		FCD8C04A7C66E7016B8942EF /* Pods.release.xcconfig */ = {isa = PBXFileReference; includeInIndex = 1; lastKnownFileType = text.xcconfig; name = Pods.release.xcconfig; path = "Pods/Target Support Files/Pods/Pods.release.xcconfig"; sourceTree = "<group>"; };
/* End PBXFileReference section */

/* Begin PBXFrameworksBuildPhase section */
		5F0E0C711CF4578D0049DAA0 /* Frameworks */ = {
			isa = PBXFrameworksBuildPhase;
			buildActionMask = 2147483647;
			files = (
				4D8811319A00F970DA79ECF0 /* libPods.a in Frameworks */,
			);
			runOnlyForDeploymentPostprocessing = 0;
		};
/* End PBXFrameworksBuildPhase section */

/* Begin PBXGroup section */
		5F0E0C6B1CF4578D0049DAA0 = {
			isa = PBXGroup;
			children = (
				5F0E0C761CF4578D0049DAA0 /* NetworkProject */,
				5F0E0C751CF4578D0049DAA0 /* Products */,
				7D88811770ED7DC6E81507C3 /* Pods */,
				9C0EE938C1573D20020D1265 /* Frameworks */,
			);
			sourceTree = "<group>";
		};
		5F0E0C751CF4578D0049DAA0 /* Products */ = {
			isa = PBXGroup;
			children = (
				5F0E0C741CF4578D0049DAA0 /* NetworkProject.app */,
			);
			name = Products;
			sourceTree = "<group>";
		};
		5F0E0C761CF4578D0049DAA0 /* NetworkProject */ = {
			isa = PBXGroup;
			children = (
				5F0E0C921CF542F70049DAA0 /* General */,
				5F0E0C911CF542F10049DAA0 /* Model */,
				5F0E0C7A1CF4578D0049DAA0 /* AppDelegate.h */,
				5F0E0C7B1CF4578D0049DAA0 /* AppDelegate.m */,
				5F0E0C7D1CF4578D0049DAA0 /* FirstViewController.h */,
				5F0E0C7E1CF4578D0049DAA0 /* FirstViewController.m */,
				5F0E0C801CF4578D0049DAA0 /* SecondViewController.h */,
				5F0E0C811CF4578D0049DAA0 /* SecondViewController.m */,
				5F0E0C831CF4578D0049DAA0 /* Main.storyboard */,
				5F0E0C861CF4578D0049DAA0 /* Assets.xcassets */,
				5F0E0C881CF4578D0049DAA0 /* LaunchScreen.storyboard */,
				5F0E0C8B1CF4578D0049DAA0 /* Info.plist */,
				5F0E0C771CF4578D0049DAA0 /* Supporting Files */,
			);
			path = NetworkProject;
			sourceTree = "<group>";
		};
		5F0E0C771CF4578D0049DAA0 /* Supporting Files */ = {
			isa = PBXGroup;
			children = (
				5F0E0C781CF4578D0049DAA0 /* main.m */,
				5F0E0C971CF543720049DAA0 /* NetworkProject-Prifix.pch */,
			);
			name = "Supporting Files";
			sourceTree = "<group>";
		};
		5F0E0C911CF542F10049DAA0 /* Model */ = {
			isa = PBXGroup;
			children = (
			);
			name = Model;
			sourceTree = "<group>";
		};
		5F0E0C921CF542F70049DAA0 /* General */ = {
			isa = PBXGroup;
			children = (
				5F54F4B51CFC218000EBA596 /* Macro */,
				5F0E0C931CF543100049DAA0 /* Network */,
			);
			name = General;
			sourceTree = "<group>";
		};
		5F0E0C931CF543100049DAA0 /* Network */ = {
			isa = PBXGroup;
			children = (
				5F0E0C941CF543390049DAA0 /* NetHttpClient.h */,
				5F0E0C951CF543390049DAA0 /* NetHttpClient.m */,
				5F54F4B81CFC2A4400EBA596 /* NetOperation.h */,
				5F54F4B91CFC2A4400EBA596 /* NetOperation.m */,
				5F54F4B21CFC1F0000EBA596 /* NetHttpClient+Request.h */,
				5F54F4B31CFC1F0000EBA596 /* NetHttpClient+Request.m */,
				5F54F4BB1CFC2B7700EBA596 /* AFNetSessionOperation.h */,
				5F54F4BC1CFC2B7700EBA596 /* AFNetSessionOperation.m */,
			);
			name = Network;
			sourceTree = "<group>";
		};
		5F54F4B51CFC218000EBA596 /* Macro */ = {
			isa = PBXGroup;
			children = (
				5F54F4B61CFC227200EBA596 /* UtilsMacro.h */,
				5F54F4B71CFC22FF00EBA596 /* URLServiceAPI.h */,
			);
			name = Macro;
			sourceTree = "<group>";
		};
		7D88811770ED7DC6E81507C3 /* Pods */ = {
			isa = PBXGroup;
			children = (
				D3DDCFAD1139F69A6BC72C70 /* Pods.debug.xcconfig */,
				FCD8C04A7C66E7016B8942EF /* Pods.release.xcconfig */,
			);
			name = Pods;
			sourceTree = "<group>";
		};
		9C0EE938C1573D20020D1265 /* Frameworks */ = {
			isa = PBXGroup;
			children = (
				F95CF12803F0F957E6BBF5FA /* libPods.a */,
			);
			name = Frameworks;
			sourceTree = "<group>";
		};
/* End PBXGroup section */

/* Begin PBXNativeTarget section */
		5F0E0C731CF4578D0049DAA0 /* NetworkProject */ = {
			isa = PBXNativeTarget;
			buildConfigurationList = 5F0E0C8E1CF4578D0049DAA0 /* Build configuration list for PBXNativeTarget "NetworkProject" */;
			buildPhases = (
				11DD05858B3889AB292F7BC6 /* Check Pods Manifest.lock */,
				5F0E0C701CF4578D0049DAA0 /* Sources */,
				5F0E0C711CF4578D0049DAA0 /* Frameworks */,
				5F0E0C721CF4578D0049DAA0 /* Resources */,
				59BF64D2F734A3C554CEEC0F /* Embed Pods Frameworks */,
				A8E67807DD86427FE4468776 /* Copy Pods Resources */,
			);
			buildRules = (
			);
			dependencies = (
			);
			name = NetworkProject;
			productName = NetworkProject;
			productReference = 5F0E0C741CF4578D0049DAA0 /* NetworkProject.app */;
			productType = "com.apple.product-type.application";
		};
/* End PBXNativeTarget section */

/* Begin PBXProject section */
		5F0E0C6C1CF4578D0049DAA0 /* Project object */ = {
			isa = PBXProject;
			attributes = {
				LastUpgradeCheck = 0730;
				ORGANIZATIONNAME = JordanCZ;
				TargetAttributes = {
					5F0E0C731CF4578D0049DAA0 = {
						CreatedOnToolsVersion = 7.3.1;
					};
				};
			};
			buildConfigurationList = 5F0E0C6F1CF4578D0049DAA0 /* Build configuration list for PBXProject "NetworkProject" */;
			compatibilityVersion = "Xcode 3.2";
			developmentRegion = English;
			hasScannedForEncodings = 0;
			knownRegions = (
				en,
				Base,
			);
			mainGroup = 5F0E0C6B1CF4578D0049DAA0;
			productRefGroup = 5F0E0C751CF4578D0049DAA0 /* Products */;
			projectDirPath = "";
			projectRoot = "";
			targets = (
				5F0E0C731CF4578D0049DAA0 /* NetworkProject */,
			);
		};
/* End PBXProject section */

/* Begin PBXResourcesBuildPhase section */
		5F0E0C721CF4578D0049DAA0 /* Resources */ = {
			isa = PBXResourcesBuildPhase;
			buildActionMask = 2147483647;
			files = (
				5F0E0C8A1CF4578D0049DAA0 /* LaunchScreen.storyboard in Resources */,
				5F0E0C871CF4578D0049DAA0 /* Assets.xcassets in Resources */,
				5F0E0C851CF4578D0049DAA0 /* Main.storyboard in Resources */,
			);
			runOnlyForDeploymentPostprocessing = 0;
		};
/* End PBXResourcesBuildPhase section */

/* Begin PBXShellScriptBuildPhase section */
		11DD05858B3889AB292F7BC6 /* Check Pods Manifest.lock */ = {
			isa = PBXShellScriptBuildPhase;
			buildActionMask = 2147483647;
			files = (
			);
			inputPaths = (
			);
			name = "Check Pods Manifest.lock";
			outputPaths = (
			);
			runOnlyForDeploymentPostprocessing = 0;
			shellPath = /bin/sh;
			shellScript = "diff \"${PODS_ROOT}/../Podfile.lock\" \"${PODS_ROOT}/Manifest.lock\" > /dev/null\nif [[ $? != 0 ]] ; then\n    cat << EOM\nerror: The sandbox is not in sync with the Podfile.lock. Run 'pod install' or update your CocoaPods installation.\nEOM\n    exit 1\nfi\n";
			showEnvVarsInLog = 0;
		};
		59BF64D2F734A3C554CEEC0F /* Embed Pods Frameworks */ = {
			isa = PBXShellScriptBuildPhase;
			buildActionMask = 2147483647;
			files = (
			);
			inputPaths = (
			);
			name = "Embed Pods Frameworks";
			outputPaths = (
			);
			runOnlyForDeploymentPostprocessing = 0;
			shellPath = /bin/sh;
			shellScript = "\"${SRCROOT}/Pods/Target Support Files/Pods/Pods-frameworks.sh\"\n";
			showEnvVarsInLog = 0;
		};
		A8E67807DD86427FE4468776 /* Copy Pods Resources */ = {
			isa = PBXShellScriptBuildPhase;
			buildActionMask = 2147483647;
			files = (
			);
			inputPaths = (
			);
			name = "Copy Pods Resources";
			outputPaths = (
			);
			runOnlyForDeploymentPostprocessing = 0;
			shellPath = /bin/sh;
			shellScript = "\"${SRCROOT}/Pods/Target Support Files/Pods/Pods-resources.sh\"\n";
			showEnvVarsInLog = 0;
		};
/* End PBXShellScriptBuildPhase section */

/* Begin PBXSourcesBuildPhase section */
		5F0E0C701CF4578D0049DAA0 /* Sources */ = {
			isa = PBXSourcesBuildPhase;
			buildActionMask = 2147483647;
			files = (
				5F0E0C961CF543390049DAA0 /* NetHttpClient.m in Sources */,
				5F54F4BD1CFC2B7700EBA596 /* AFNetSessionOperation.m in Sources */,
				5F0E0C821CF4578D0049DAA0 /* SecondViewController.m in Sources */,
				5F0E0C7C1CF4578D0049DAA0 /* AppDelegate.m in Sources */,
				5F54F4B41CFC1F0000EBA596 /* NetHttpClient+Request.m in Sources */,
				5F54F4BA1CFC2A4400EBA596 /* NetOperation.m in Sources */,
				5F0E0C7F1CF4578D0049DAA0 /* FirstViewController.m in Sources */,
				5F0E0C791CF4578D0049DAA0 /* main.m in Sources */,
			);
			runOnlyForDeploymentPostprocessing = 0;
		};
/* End PBXSourcesBuildPhase section */

/* Begin PBXVariantGroup section */
		5F0E0C831CF4578D0049DAA0 /* Main.storyboard */ = {
			isa = PBXVariantGroup;
			children = (
				5F0E0C841CF4578D0049DAA0 /* Base */,
			);
			name = Main.storyboard;
			sourceTree = "<group>";
		};
		5F0E0C881CF4578D0049DAA0 /* LaunchScreen.storyboard */ = {
			isa = PBXVariantGroup;
			children = (
				5F0E0C891CF4578D0049DAA0 /* Base */,
			);
			name = LaunchScreen.storyboard;
			sourceTree = "<group>";
		};
/* End PBXVariantGroup section */

/* Begin XCBuildConfiguration section */
		5F0E0C8C1CF4578D0049DAA0 /* Debug */ = {
			isa = XCBuildConfiguration;
			buildSettings = {
				ALWAYS_SEARCH_USER_PATHS = NO;
				CLANG_ANALYZER_NONNULL = YES;
				CLANG_CXX_LANGUAGE_STANDARD = "gnu++0x";
				CLANG_CXX_LIBRARY = "libc++";
				CLANG_ENABLE_MODULES = YES;
				CLANG_ENABLE_OBJC_ARC = YES;
				CLANG_WARN_BOOL_CONVERSION = YES;
				CLANG_WARN_CONSTANT_CONVERSION = YES;
				CLANG_WARN_DIRECT_OBJC_ISA_USAGE = YES_ERROR;
				CLANG_WARN_EMPTY_BODY = YES;
				CLANG_WARN_ENUM_CONVERSION = YES;
				CLANG_WARN_INT_CONVERSION = YES;
				CLANG_WARN_OBJC_ROOT_CLASS = YES_ERROR;
				CLANG_WARN_UNREACHABLE_CODE = YES;
				CLANG_WARN__DUPLICATE_METHOD_MATCH = YES;
				"CODE_SIGN_IDENTITY[sdk=iphoneos*]" = "iPhone Developer";
				COPY_PHASE_STRIP = NO;
				DEBUG_INFORMATION_FORMAT = dwarf;
				ENABLE_STRICT_OBJC_MSGSEND = YES;
				ENABLE_TESTABILITY = YES;
				GCC_C_LANGUAGE_STANDARD = gnu99;
				GCC_DYNAMIC_NO_PIC = NO;
				GCC_NO_COMMON_BLOCKS = YES;
				GCC_OPTIMIZATION_LEVEL = 0;
				GCC_PREPROCESSOR_DEFINITIONS = (
					"DEBUG=1",
					"$(inherited)",
				);
				GCC_WARN_64_TO_32_BIT_CONVERSION = YES;
				GCC_WARN_ABOUT_RETURN_TYPE = YES_ERROR;
				GCC_WARN_UNDECLARED_SELECTOR = YES;
				GCC_WARN_UNINITIALIZED_AUTOS = YES_AGGRESSIVE;
				GCC_WARN_UNUSED_FUNCTION = YES;
				GCC_WARN_UNUSED_VARIABLE = YES;
				IPHONEOS_DEPLOYMENT_TARGET = 9.3;
				MTL_ENABLE_DEBUG_INFO = YES;
				ONLY_ACTIVE_ARCH = YES;
				SDKROOT = iphoneos;
			};
			name = Debug;
		};
		5F0E0C8D1CF4578D0049DAA0 /* Release */ = {
			isa = XCBuildConfiguration;
			buildSettings = {
				ALWAYS_SEARCH_USER_PATHS = NO;
				CLANG_ANALYZER_NONNULL = YES;
				CLANG_CXX_LANGUAGE_STANDARD = "gnu++0x";
				CLANG_CXX_LIBRARY = "libc++";
				CLANG_ENABLE_MODULES = YES;
				CLANG_ENABLE_OBJC_ARC = YES;
				CLANG_WARN_BOOL_CONVERSION = YES;
				CLANG_WARN_CONSTANT_CONVERSION = YES;
				CLANG_WARN_DIRECT_OBJC_ISA_USAGE = YES_ERROR;
				CLANG_WARN_EMPTY_BODY = YES;
				CLANG_WARN_ENUM_CONVERSION = YES;
				CLANG_WARN_INT_CONVERSION = YES;
				CLANG_WARN_OBJC_ROOT_CLASS = YES_ERROR;
				CLANG_WARN_UNREACHABLE_CODE = YES;
				CLANG_WARN__DUPLICATE_METHOD_MATCH = YES;
				"CODE_SIGN_IDENTITY[sdk=iphoneos*]" = "iPhone Developer";
				COPY_PHASE_STRIP = NO;
				DEBUG_INFORMATION_FORMAT = "dwarf-with-dsym";
				ENABLE_NS_ASSERTIONS = NO;
				ENABLE_STRICT_OBJC_MSGSEND = YES;
				GCC_C_LANGUAGE_STANDARD = gnu99;
				GCC_NO_COMMON_BLOCKS = YES;
				GCC_WARN_64_TO_32_BIT_CONVERSION = YES;
				GCC_WARN_ABOUT_RETURN_TYPE = YES_ERROR;
				GCC_WARN_UNDECLARED_SELECTOR = YES;
				GCC_WARN_UNINITIALIZED_AUTOS = YES_AGGRESSIVE;
				GCC_WARN_UNUSED_FUNCTION = YES;
				GCC_WARN_UNUSED_VARIABLE = YES;
				IPHONEOS_DEPLOYMENT_TARGET = 9.3;
				MTL_ENABLE_DEBUG_INFO = NO;
				SDKROOT = iphoneos;
				VALIDATE_PRODUCT = YES;
			};
			name = Release;
		};
		5F0E0C8F1CF4578D0049DAA0 /* Debug */ = {
			isa = XCBuildConfiguration;
			baseConfigurationReference = D3DDCFAD1139F69A6BC72C70 /* Pods.debug.xcconfig */;
			buildSettings = {
				ASSETCATALOG_COMPILER_APPICON_NAME = AppIcon;
				GCC_PREFIX_HEADER = "NetworkProject/NetworkProject-Prifix.pch";
				INFOPLIST_FILE = NetworkProject/Info.plist;
				LD_RUNPATH_SEARCH_PATHS = "$(inherited) @executable_path/Frameworks";
				PRODUCT_BUNDLE_IDENTIFIER = com.NetworkProject;
				PRODUCT_NAME = "$(TARGET_NAME)";
			};
			name = Debug;
		};
		5F0E0C901CF4578D0049DAA0 /* Release */ = {
			isa = XCBuildConfiguration;
			baseConfigurationReference = FCD8C04A7C66E7016B8942EF /* Pods.release.xcconfig */;
			buildSettings = {
				ASSETCATALOG_COMPILER_APPICON_NAME = AppIcon;
				GCC_PREFIX_HEADER = "NetworkProject/NetworkProject-Prifix.pch";
				INFOPLIST_FILE = NetworkProject/Info.plist;
				LD_RUNPATH_SEARCH_PATHS = "$(inherited) @executable_path/Frameworks";
				PRODUCT_BUNDLE_IDENTIFIER = com.NetworkProject;
				PRODUCT_NAME = "$(TARGET_NAME)";
			};
			name = Release;
		};
/* End XCBuildConfiguration section */

/* Begin XCConfigurationList section */
		5F0E0C6F1CF4578D0049DAA0 /* Build configuration list for PBXProject "NetworkProject" */ = {
			isa = XCConfigurationList;
			buildConfigurations = (
				5F0E0C8C1CF4578D0049DAA0 /* Debug */,
				5F0E0C8D1CF4578D0049DAA0 /* Release */,
			);
			defaultConfigurationIsVisible = 0;
			defaultConfigurationName = Release;
		};
		5F0E0C8E1CF4578D0049DAA0 /* Build configuration list for PBXNativeTarget "NetworkProject" */ = {
			isa = XCConfigurationList;
			buildConfigurations = (
				5F0E0C8F1CF4578D0049DAA0 /* Debug */,
				5F0E0C901CF4578D0049DAA0 /* Release */,
			);
			defaultConfigurationIsVisible = 0;
			defaultConfigurationName = Release;
		};
/* End XCConfigurationList section */
	};
	rootObject = 5F0E0C6C1CF4578D0049DAA0 /* Project object */;
}
